
Microsoft Visual Studio Solution File, Format Version 12.00
# Visual Studio 2012
Project("{FAE04EC0-301F-11D3-BF4B-00C04F79EFBC}") = "Central_Alarmes_Serveur", "Central_Alarmes_Serveur\Central_Alarmes_Serveur.csproj", "{1ACBA3DC-B1A6-458B-B6BB-5575798FB325}"
EndProject
Global
	GlobalSection(SolutionConfigurationPlatforms) = preSolution
		Debug|Any CPU = Debug|Any CPU
		Release|Any CPU = Release|Any CPU
	EndGlobalSection
	GlobalSection(ProjectConfigurationPlatforms) = postSolution
		{1ACBA3DC-B1A6-458B-B6BB-5575798FB325}.Debug|Any CPU.ActiveCfg = Debug|Any CPU
		{1ACBA3DC-B1A6-458B-B6BB-5575798FB325}.Debug|Any CPU.Build.0 = Debug|Any CPU
		{1ACBA3DC-B1A6-458B-B6BB-5575798FB325}.Release|Any CPU.ActiveCfg = Release|Any CPU
		{1ACBA3DC-B1A6-458B-B6BB-5575798FB325}.Release|Any CPU.Build.0 = Release|Any CPU
	EndGlobalSection
	GlobalSection(SolutionProperties) = preSolution
		HideSolutionNode = FALSE
	EndGlobalSection
EndGlobal
